
Microsoft Visual Studio Solution File, Format Version 11.00
# Visual Studio 2022
Project("{FAE04EC0-301F-11D3-BF4B-00C04F79EFBC}") = "ShuffleNDealP1", "ShuffleNDealP1\ShuffleNDealP1.csproj", "{AA36A439-F97A-4055-8957-92FB8040726F}"
EndProject
Global
	GlobalSection(SolutionConfigurationPlatforms) = preSolution
		Debug|x86 = Debug|x86
		Release|x86 = Release|x86
	EndGlobalSection
	GlobalSection(ProjectConfigurationPlatforms) = postSolution
		{AA36A439-F97A-4055-8957-92FB8040726F}.Debug|x86.ActiveCfg = Debug|x86
		{AA36A439-F97A-4055-8957-92FB8040726F}.Debug|x86.Build.0 = Debug|x86
		{AA36A439-F97A-4055-8957-92FB8040726F}.Release|x86.ActiveCfg = Release|x86
		{AA36A439-F97A-4055-8957-92FB8040726F}.Release|x86.Build.0 = Release|x86
	EndGlobalSection
	GlobalSection(SolutionProperties) = preSolution
		HideSolutionNode = FALSE
	EndGlobalSection
EndGlobal
